// !$*UTF8*$!
{
	archiveVersion = 1;
	classes = {
	};
	objectVersion = 55;
	objects = {

/* Begin PBXBuildFile section */
		578BCF3228476D4B00CFF094 /* StocksPresenter.swift in Sources */ = {isa = PBXBuildFile; fileRef = 578BCF3128476D4B00CFF094 /* StocksPresenter.swift */; };
		578BCF3428476D9E00CFF094 /* StocksModel.swift in Sources */ = {isa = PBXBuildFile; fileRef = 578BCF3328476D9E00CFF094 /* StocksModel.swift */; };
		578BCF362848C81400CFF094 /* StockResponse.swift in Sources */ = {isa = PBXBuildFile; fileRef = 578BCF352848C81400CFF094 /* StockResponse.swift */; };
		578BCF382848C84800CFF094 /* NSObject+Ext.swift in Sources */ = {isa = PBXBuildFile; fileRef = 578BCF372848C84800CFF094 /* NSObject+Ext.swift */; };
		578BCF3A2848D14000CFF094 /* Assembly.swift in Sources */ = {isa = PBXBuildFile; fileRef = 578BCF392848D14000CFF094 /* Assembly.swift */; };
		578BCF4C2849171F00CFF094 /* StocksRouter.swift in Sources */ = {isa = PBXBuildFile; fileRef = 578BCF4B2849171F00CFF094 /* StocksRouter.swift */; };
		578BCF5328491F6900CFF094 /* FavoriteService.swift in Sources */ = {isa = PBXBuildFile; fileRef = 578BCF5228491F6900CFF094 /* FavoriteService.swift */; };
		578BCF5528491F8E00CFF094 /* FileManagerFavoritesService.swift in Sources */ = {isa = PBXBuildFile; fileRef = 578BCF5428491F8E00CFF094 /* FileManagerFavoritesService.swift */; };
		578BCF5728491FA100CFF094 /* UserDefaultsFavoritesService.swift in Sources */ = {isa = PBXBuildFile; fileRef = 578BCF5628491FA100CFF094 /* UserDefaultsFavoritesService.swift */; };
		578BCF5928491FB800CFF094 /* FavoritesUpdateService.swift in Sources */ = {isa = PBXBuildFile; fileRef = 578BCF5828491FB800CFF094 /* FavoritesUpdateService.swift */; };
		578BCF7128492AB800CFF094 /* StockDetailPresenter.swift in Sources */ = {isa = PBXBuildFile; fileRef = 578BCF6A28492AB800CFF094 /* StockDetailPresenter.swift */; };
		578BCF7228492AB800CFF094 /* StockDetailViewController.swift in Sources */ = {isa = PBXBuildFile; fileRef = 578BCF6C28492AB800CFF094 /* StockDetailViewController.swift */; };
		578BCF7328492AB800CFF094 /* DetailTitleView.swift in Sources */ = {isa = PBXBuildFile; fileRef = 578BCF6D28492AB800CFF094 /* DetailTitleView.swift */; };
		578BCF7428492AB800CFF094 /* ChartsResponce.swift in Sources */ = {isa = PBXBuildFile; fileRef = 578BCF6F28492AB800CFF094 /* ChartsResponce.swift */; };
		578BCF7528492AB800CFF094 /* ChartsService.swift in Sources */ = {isa = PBXBuildFile; fileRef = 578BCF7028492AB800CFF094 /* ChartsService.swift */; };
		578BCF7A284A34C700CFF094 /* FavoriteViewController.swift in Sources */ = {isa = PBXBuildFile; fileRef = 578BCF79284A34C700CFF094 /* FavoriteViewController.swift */; };
		578BCF7C284A34D900CFF094 /* FavoritePresenter.swift in Sources */ = {isa = PBXBuildFile; fileRef = 578BCF7B284A34D900CFF094 /* FavoritePresenter.swift */; };
		57A28431284DB358008C7A3C /* Charts in Frameworks */ = {isa = PBXBuildFile; productRef = 57A28430284DB358008C7A3C /* Charts */; };
		57A28433284DB5E7008C7A3C /* ChartsView.swift in Sources */ = {isa = PBXBuildFile; fileRef = 57A28432284DB5E7008C7A3C /* ChartsView.swift */; };
		57CA4B48283D605200D89368 /* Montserrat-Regular.ttf in Resources */ = {isa = PBXBuildFile; fileRef = 57CA4B47283D605200D89368 /* Montserrat-Regular.ttf */; };
		57CA4B4A283D610100D89368 /* UIFont.swift in Sources */ = {isa = PBXBuildFile; fileRef = 57CA4B49283D610100D89368 /* UIFont.swift */; };
		57CA4B4C283D61BF00D89368 /* Montserrat-Medium.ttf in Resources */ = {isa = PBXBuildFile; fileRef = 57CA4B4B283D61BF00D89368 /* Montserrat-Medium.ttf */; };
		57CA4B4E283D61C800D89368 /* Montserrat-Bold.ttf in Resources */ = {isa = PBXBuildFile; fileRef = 57CA4B4D283D61C800D89368 /* Montserrat-Bold.ttf */; };
		57CA4B50283D627300D89368 /* Montserrat-SemiBold.ttf in Resources */ = {isa = PBXBuildFile; fileRef = 57CA4B4F283D627300D89368 /* Montserrat-SemiBold.ttf */; };
		57CA4B5B283F968E00D89368 /* UIColor.swift in Sources */ = {isa = PBXBuildFile; fileRef = 57CA4B5A283F968E00D89368 /* UIColor.swift */; };
		57CA4B5D283FB56A00D89368 /* Router.swift in Sources */ = {isa = PBXBuildFile; fileRef = 57CA4B5C283FB56A00D89368 /* Router.swift */; };
		57CA4B5F283FB6EE00D89368 /* NetworkError.swift in Sources */ = {isa = PBXBuildFile; fileRef = 57CA4B5E283FB6EE00D89368 /* NetworkError.swift */; };
		57CA4B61283FB71500D89368 /* HTTPMethod.swift in Sources */ = {isa = PBXBuildFile; fileRef = 57CA4B60283FB71500D89368 /* HTTPMethod.swift */; };
		57CA4B63283FD06000D89368 /* StocksService.swift in Sources */ = {isa = PBXBuildFile; fileRef = 57CA4B62283FD06000D89368 /* StocksService.swift */; };
		57CA4B66283FD0AA00D89368 /* NetworkService.swift in Sources */ = {isa = PBXBuildFile; fileRef = 57CA4B65283FD0AA00D89368 /* NetworkService.swift */; };
		57CA4B702840CC6900D89368 /* Double.swift in Sources */ = {isa = PBXBuildFile; fileRef = 57CA4B6F2840CC6900D89368 /* Double.swift */; };
		57E9E054283CB52100B84069 /* AppDelegate.swift in Sources */ = {isa = PBXBuildFile; fileRef = 57E9E053283CB52100B84069 /* AppDelegate.swift */; };
		57E9E058283CB52100B84069 /* StocksViewController.swift in Sources */ = {isa = PBXBuildFile; fileRef = 57E9E057283CB52100B84069 /* StocksViewController.swift */; };
		57E9E05D283CB52300B84069 /* Assets.xcassets in Resources */ = {isa = PBXBuildFile; fileRef = 57E9E05C283CB52300B84069 /* Assets.xcassets */; };
		57E9E060283CB52300B84069 /* LaunchScreen.storyboard in Resources */ = {isa = PBXBuildFile; fileRef = 57E9E05E283CB52300B84069 /* LaunchScreen.storyboard */; };
		57E9E068283CBC4B00B84069 /* StocksCell.swift in Sources */ = {isa = PBXBuildFile; fileRef = 57E9E067283CBC4B00B84069 /* StocksCell.swift */; };
/* End PBXBuildFile section */

/* Begin PBXFileReference section */
		578BCF3128476D4B00CFF094 /* StocksPresenter.swift */ = {isa = PBXFileReference; lastKnownFileType = sourcecode.swift; path = StocksPresenter.swift; sourceTree = "<group>"; };
		578BCF3328476D9E00CFF094 /* StocksModel.swift */ = {isa = PBXFileReference; lastKnownFileType = sourcecode.swift; path = StocksModel.swift; sourceTree = "<group>"; };
		578BCF352848C81400CFF094 /* StockResponse.swift */ = {isa = PBXFileReference; lastKnownFileType = sourcecode.swift; path = StockResponse.swift; sourceTree = "<group>"; };
		578BCF372848C84800CFF094 /* NSObject+Ext.swift */ = {isa = PBXFileReference; lastKnownFileType = sourcecode.swift; path = "NSObject+Ext.swift"; sourceTree = "<group>"; };
		578BCF392848D14000CFF094 /* Assembly.swift */ = {isa = PBXFileReference; lastKnownFileType = sourcecode.swift; path = Assembly.swift; sourceTree = "<group>"; };
		578BCF4B2849171F00CFF094 /* StocksRouter.swift */ = {isa = PBXFileReference; lastKnownFileType = sourcecode.swift; path = StocksRouter.swift; sourceTree = "<group>"; };
		578BCF5228491F6900CFF094 /* FavoriteService.swift */ = {isa = PBXFileReference; lastKnownFileType = sourcecode.swift; path = FavoriteService.swift; sourceTree = "<group>"; };
		578BCF5428491F8E00CFF094 /* FileManagerFavoritesService.swift */ = {isa = PBXFileReference; lastKnownFileType = sourcecode.swift; path = FileManagerFavoritesService.swift; sourceTree = "<group>"; };
		578BCF5628491FA100CFF094 /* UserDefaultsFavoritesService.swift */ = {isa = PBXFileReference; lastKnownFileType = sourcecode.swift; path = UserDefaultsFavoritesService.swift; sourceTree = "<group>"; };
		578BCF5828491FB800CFF094 /* FavoritesUpdateService.swift */ = {isa = PBXFileReference; lastKnownFileType = sourcecode.swift; path = FavoritesUpdateService.swift; sourceTree = "<group>"; };
		578BCF6A28492AB800CFF094 /* StockDetailPresenter.swift */ = {isa = PBXFileReference; fileEncoding = 4; lastKnownFileType = sourcecode.swift; path = StockDetailPresenter.swift; sourceTree = "<group>"; };
		578BCF6C28492AB800CFF094 /* StockDetailViewController.swift */ = {isa = PBXFileReference; fileEncoding = 4; lastKnownFileType = sourcecode.swift; path = StockDetailViewController.swift; sourceTree = "<group>"; };
		578BCF6D28492AB800CFF094 /* DetailTitleView.swift */ = {isa = PBXFileReference; fileEncoding = 4; lastKnownFileType = sourcecode.swift; path = DetailTitleView.swift; sourceTree = "<group>"; };
		578BCF6F28492AB800CFF094 /* ChartsResponce.swift */ = {isa = PBXFileReference; fileEncoding = 4; lastKnownFileType = sourcecode.swift; path = ChartsResponce.swift; sourceTree = "<group>"; };
		578BCF7028492AB800CFF094 /* ChartsService.swift */ = {isa = PBXFileReference; fileEncoding = 4; lastKnownFileType = sourcecode.swift; path = ChartsService.swift; sourceTree = "<group>"; };
		578BCF79284A34C700CFF094 /* FavoriteViewController.swift */ = {isa = PBXFileReference; lastKnownFileType = sourcecode.swift; path = FavoriteViewController.swift; sourceTree = "<group>"; };
		578BCF7B284A34D900CFF094 /* FavoritePresenter.swift */ = {isa = PBXFileReference; lastKnownFileType = sourcecode.swift; path = FavoritePresenter.swift; sourceTree = "<group>"; };
		57A28432284DB5E7008C7A3C /* ChartsView.swift */ = {isa = PBXFileReference; lastKnownFileType = sourcecode.swift; path = ChartsView.swift; sourceTree = "<group>"; };
		57CA4B47283D605200D89368 /* Montserrat-Regular.ttf */ = {isa = PBXFileReference; lastKnownFileType = file; name = "Montserrat-Regular.ttf"; path = "../../../../Downloads/Montserrat/static/Montserrat-Regular.ttf"; sourceTree = "<group>"; };
		57CA4B49283D610100D89368 /* UIFont.swift */ = {isa = PBXFileReference; lastKnownFileType = sourcecode.swift; path = UIFont.swift; sourceTree = "<group>"; };
		57CA4B4B283D61BF00D89368 /* Montserrat-Medium.ttf */ = {isa = PBXFileReference; lastKnownFileType = file; name = "Montserrat-Medium.ttf"; path = "../../../../Downloads/Montserrat/static/Montserrat-Medium.ttf"; sourceTree = "<group>"; };
		57CA4B4D283D61C800D89368 /* Montserrat-Bold.ttf */ = {isa = PBXFileReference; lastKnownFileType = file; name = "Montserrat-Bold.ttf"; path = "../../../../Downloads/Montserrat/static/Montserrat-Bold.ttf"; sourceTree = "<group>"; };
		57CA4B4F283D627300D89368 /* Montserrat-SemiBold.ttf */ = {isa = PBXFileReference; lastKnownFileType = file; name = "Montserrat-SemiBold.ttf"; path = "../../../../Downloads/Montserrat/static/Montserrat-SemiBold.ttf"; sourceTree = "<group>"; };
		57CA4B5A283F968E00D89368 /* UIColor.swift */ = {isa = PBXFileReference; lastKnownFileType = sourcecode.swift; path = UIColor.swift; sourceTree = "<group>"; };
		57CA4B5C283FB56A00D89368 /* Router.swift */ = {isa = PBXFileReference; lastKnownFileType = sourcecode.swift; path = Router.swift; sourceTree = "<group>"; };
		57CA4B5E283FB6EE00D89368 /* NetworkError.swift */ = {isa = PBXFileReference; lastKnownFileType = sourcecode.swift; path = NetworkError.swift; sourceTree = "<group>"; };
		57CA4B60283FB71500D89368 /* HTTPMethod.swift */ = {isa = PBXFileReference; lastKnownFileType = sourcecode.swift; path = HTTPMethod.swift; sourceTree = "<group>"; };
		57CA4B62283FD06000D89368 /* StocksService.swift */ = {isa = PBXFileReference; lastKnownFileType = sourcecode.swift; path = StocksService.swift; sourceTree = "<group>"; };
		57CA4B65283FD0AA00D89368 /* NetworkService.swift */ = {isa = PBXFileReference; lastKnownFileType = sourcecode.swift; path = NetworkService.swift; sourceTree = "<group>"; };
		57CA4B6F2840CC6900D89368 /* Double.swift */ = {isa = PBXFileReference; lastKnownFileType = sourcecode.swift; path = Double.swift; sourceTree = "<group>"; };
		57E9E050283CB52100B84069 /* StockApp.app */ = {isa = PBXFileReference; explicitFileType = wrapper.application; includeInIndex = 0; path = StockApp.app; sourceTree = BUILT_PRODUCTS_DIR; };
		57E9E053283CB52100B84069 /* AppDelegate.swift */ = {isa = PBXFileReference; lastKnownFileType = sourcecode.swift; path = AppDelegate.swift; sourceTree = "<group>"; };
		57E9E057283CB52100B84069 /* StocksViewController.swift */ = {isa = PBXFileReference; lastKnownFileType = sourcecode.swift; path = StocksViewController.swift; sourceTree = "<group>"; };
		57E9E05C283CB52300B84069 /* Assets.xcassets */ = {isa = PBXFileReference; lastKnownFileType = folder.assetcatalog; path = Assets.xcassets; sourceTree = "<group>"; };
		57E9E05F283CB52300B84069 /* Base */ = {isa = PBXFileReference; lastKnownFileType = file.storyboard; name = Base; path = Base.lproj/LaunchScreen.storyboard; sourceTree = "<group>"; };
		57E9E061283CB52300B84069 /* Info.plist */ = {isa = PBXFileReference; lastKnownFileType = text.plist.xml; path = Info.plist; sourceTree = "<group>"; };
		57E9E067283CBC4B00B84069 /* StocksCell.swift */ = {isa = PBXFileReference; lastKnownFileType = sourcecode.swift; path = StocksCell.swift; sourceTree = "<group>"; };
/* End PBXFileReference section */

/* Begin PBXFrameworksBuildPhase section */
		57E9E04D283CB52100B84069 /* Frameworks */ = {
			isa = PBXFrameworksBuildPhase;
			buildActionMask = 2147483647;
			files = (
				57A28431284DB358008C7A3C /* Charts in Frameworks */,
			);
			runOnlyForDeploymentPostprocessing = 0;
		};
/* End PBXFrameworksBuildPhase section */

/* Begin PBXGroup section */
		578BCF2E28476B7300CFF094 /* Application */ = {
			isa = PBXGroup;
			children = (
				57E9E061283CB52300B84069 /* Info.plist */,
				57E9E053283CB52100B84069 /* AppDelegate.swift */,
				57E9E05E283CB52300B84069 /* LaunchScreen.storyboard */,
			);
			path = Application;
			sourceTree = "<group>";
		};
		578BCF2F28476C1A00CFF094 /* Core */ = {
			isa = PBXGroup;
			children = (
				57CA4B712840D47500D89368 /* Extensions */,
				57CA4B57283F7D2400D89368 /* Service */,
				578BCF392848D14000CFF094 /* Assembly.swift */,
			);
			path = Core;
			sourceTree = "<group>";
		};
		578BCF3028476C3700CFF094 /* Resourse */ = {
			isa = PBXGroup;
			children = (
				57E9E05C283CB52300B84069 /* Assets.xcassets */,
			);
			path = Resourse;
			sourceTree = "<group>";
		};
		578BCF5128491F4400CFF094 /* FavoriteServices */ = {
			isa = PBXGroup;
			children = (
				578BCF5228491F6900CFF094 /* FavoriteService.swift */,
				578BCF5428491F8E00CFF094 /* FileManagerFavoritesService.swift */,
				578BCF5628491FA100CFF094 /* UserDefaultsFavoritesService.swift */,
				578BCF5828491FB800CFF094 /* FavoritesUpdateService.swift */,
			);
			path = FavoriteServices;
			sourceTree = "<group>";
		};
		578BCF6828492AB800CFF094 /* StockDetailScreen */ = {
			isa = PBXGroup;
			children = (
				57A28436284DF226008C7A3C /* Model */,
				578BCF6928492AB800CFF094 /* Presenter */,
				578BCF6B28492AB800CFF094 /* View */,
				578BCF6E28492AB800CFF094 /* Service */,
			);
			path = StockDetailScreen;
			sourceTree = "<group>";
		};
		578BCF6928492AB800CFF094 /* Presenter */ = {
			isa = PBXGroup;
			children = (
				578BCF6A28492AB800CFF094 /* StockDetailPresenter.swift */,
			);
			path = Presenter;
			sourceTree = "<group>";
		};
		578BCF6B28492AB800CFF094 /* View */ = {
			isa = PBXGroup;
			children = (
				578BCF6C28492AB800CFF094 /* StockDetailViewController.swift */,
				578BCF6D28492AB800CFF094 /* DetailTitleView.swift */,
				57A28432284DB5E7008C7A3C /* ChartsView.swift */,
			);
			path = View;
			sourceTree = "<group>";
		};
		578BCF6E28492AB800CFF094 /* Service */ = {
			isa = PBXGroup;
			children = (
				578BCF6F28492AB800CFF094 /* ChartsResponce.swift */,
				578BCF7028492AB800CFF094 /* ChartsService.swift */,
			);
			path = Service;
			sourceTree = "<group>";
		};
		578BCF762849FCF500CFF094 /* StockFavoriteScreen */ = {
			isa = PBXGroup;
			children = (
				578BCF782849FD0E00CFF094 /* View */,
				578BCF772849FD0600CFF094 /* Presenter */,
			);
			path = StockFavoriteScreen;
			sourceTree = "<group>";
		};
		578BCF772849FD0600CFF094 /* Presenter */ = {
			isa = PBXGroup;
			children = (
				578BCF7B284A34D900CFF094 /* FavoritePresenter.swift */,
			);
			path = Presenter;
			sourceTree = "<group>";
		};
		578BCF782849FD0E00CFF094 /* View */ = {
			isa = PBXGroup;
			children = (
				578BCF79284A34C700CFF094 /* FavoriteViewController.swift */,
			);
			name = View;
			sourceTree = "<group>";
		};
		57A28436284DF226008C7A3C /* Model */ = {
			isa = PBXGroup;
			children = (
			);
			path = Model;
			sourceTree = "<group>";
		};
		57CA4B46283D5FF700D89368 /* font */ = {
			isa = PBXGroup;
			children = (
				57CA4B4F283D627300D89368 /* Montserrat-SemiBold.ttf */,
				57CA4B4D283D61C800D89368 /* Montserrat-Bold.ttf */,
				57CA4B4B283D61BF00D89368 /* Montserrat-Medium.ttf */,
				57CA4B47283D605200D89368 /* Montserrat-Regular.ttf */,
			);
			path = font;
			sourceTree = "<group>";
		};
		57CA4B51283F7C9F00D89368 /* Screens */ = {
			isa = PBXGroup;
			children = (
				578BCF762849FCF500CFF094 /* StockFavoriteScreen */,
				578BCF6828492AB800CFF094 /* StockDetailScreen */,
				57CA4B52283F7CAF00D89368 /* StocksScreen */,
			);
			path = Screens;
			sourceTree = "<group>";
		};
		57CA4B52283F7CAF00D89368 /* StocksScreen */ = {
			isa = PBXGroup;
			children = (
				57CA4B53283F7CBC00D89368 /* Model */,
				57CA4B64283FD06800D89368 /* Service */,
				57CA4B55283F7CCA00D89368 /* Presenter */,
				57CA4B54283F7CC500D89368 /* View */,
			);
			path = StocksScreen;
			sourceTree = "<group>";
		};
		57CA4B53283F7CBC00D89368 /* Model */ = {
			isa = PBXGroup;
			children = (
				578BCF3328476D9E00CFF094 /* StocksModel.swift */,
			);
			path = Model;
			sourceTree = "<group>";
		};
		57CA4B54283F7CC500D89368 /* View */ = {
			isa = PBXGroup;
			children = (
				57E9E057283CB52100B84069 /* StocksViewController.swift */,
				57CA4B56283F7CF800D89368 /* Cell */,
			);
			path = View;
			sourceTree = "<group>";
		};
		57CA4B55283F7CCA00D89368 /* Presenter */ = {
			isa = PBXGroup;
			children = (
				578BCF3128476D4B00CFF094 /* StocksPresenter.swift */,
			);
			path = Presenter;
			sourceTree = "<group>";
		};
		57CA4B56283F7CF800D89368 /* Cell */ = {
			isa = PBXGroup;
			children = (
				57E9E067283CBC4B00B84069 /* StocksCell.swift */,
			);
			path = Cell;
			sourceTree = "<group>";
		};
		57CA4B57283F7D2400D89368 /* Service */ = {
			isa = PBXGroup;
			children = (
				578BCF5128491F4400CFF094 /* FavoriteServices */,
				57CA4B58283F7D3100D89368 /* NetworkService */,
			);
			path = Service;
			sourceTree = "<group>";
		};
		57CA4B58283F7D3100D89368 /* NetworkService */ = {
			isa = PBXGroup;
			children = (
				57CA4B5C283FB56A00D89368 /* Router.swift */,
				57CA4B5E283FB6EE00D89368 /* NetworkError.swift */,
				57CA4B60283FB71500D89368 /* HTTPMethod.swift */,
				57CA4B65283FD0AA00D89368 /* NetworkService.swift */,
			);
			path = NetworkService;
			sourceTree = "<group>";
		};
		57CA4B64283FD06800D89368 /* Service */ = {
			isa = PBXGroup;
			children = (
				57CA4B62283FD06000D89368 /* StocksService.swift */,
				578BCF352848C81400CFF094 /* StockResponse.swift */,
				578BCF4B2849171F00CFF094 /* StocksRouter.swift */,
			);
			path = Service;
			sourceTree = "<group>";
		};
		57CA4B712840D47500D89368 /* Extensions */ = {
			isa = PBXGroup;
			children = (
				57CA4B49283D610100D89368 /* UIFont.swift */,
				57CA4B6F2840CC6900D89368 /* Double.swift */,
				57CA4B5A283F968E00D89368 /* UIColor.swift */,
				578BCF372848C84800CFF094 /* NSObject+Ext.swift */,
			);
			path = Extensions;
			sourceTree = "<group>";
		};
		57E9E047283CB52100B84069 = {
			isa = PBXGroup;
			children = (
				57E9E052283CB52100B84069 /* StockApp */,
				57E9E051283CB52100B84069 /* Products */,
			);
			sourceTree = "<group>";
		};
		57E9E051283CB52100B84069 /* Products */ = {
			isa = PBXGroup;
			children = (
				57E9E050283CB52100B84069 /* StockApp.app */,
			);
			name = Products;
			sourceTree = "<group>";
		};
		57E9E052283CB52100B84069 /* StockApp */ = {
			isa = PBXGroup;
			children = (
				57CA4B46283D5FF700D89368 /* font */,
				578BCF3028476C3700CFF094 /* Resourse */,
				578BCF2F28476C1A00CFF094 /* Core */,
				578BCF2E28476B7300CFF094 /* Application */,
				57CA4B51283F7C9F00D89368 /* Screens */,
			);
			path = StockApp;
			sourceTree = "<group>";
		};
/* End PBXGroup section */

/* Begin PBXNativeTarget section */
		57E9E04F283CB52100B84069 /* StockApp */ = {
			isa = PBXNativeTarget;
			buildConfigurationList = 57E9E064283CB52300B84069 /* Build configuration list for PBXNativeTarget "StockApp" */;
			buildPhases = (
				57E9E04C283CB52100B84069 /* Sources */,
				57E9E04D283CB52100B84069 /* Frameworks */,
				57E9E04E283CB52100B84069 /* Resources */,
			);
			buildRules = (
			);
			dependencies = (
			);
			name = StockApp;
			packageProductDependencies = (
				57A28430284DB358008C7A3C /* Charts */,
			);
			productName = StockApp;
			productReference = 57E9E050283CB52100B84069 /* StockApp.app */;
			productType = "com.apple.product-type.application";
		};
/* End PBXNativeTarget section */

/* Begin PBXProject section */
		57E9E048283CB52100B84069 /* Project object */ = {
			isa = PBXProject;
			attributes = {
				BuildIndependentTargetsInParallel = 1;
				LastSwiftUpdateCheck = 1330;
				LastUpgradeCheck = 1330;
				TargetAttributes = {
					57E9E04F283CB52100B84069 = {
						CreatedOnToolsVersion = 13.3.1;
					};
				};
			};
			buildConfigurationList = 57E9E04B283CB52100B84069 /* Build configuration list for PBXProject "StockApp" */;
			compatibilityVersion = "Xcode 13.0";
			developmentRegion = en;
			hasScannedForEncodings = 0;
			knownRegions = (
				en,
				Base,
			);
			mainGroup = 57E9E047283CB52100B84069;
			packageReferences = (
				57A2842F284DB358008C7A3C /* XCRemoteSwiftPackageReference "Charts" */,
			);
			productRefGroup = 57E9E051283CB52100B84069 /* Products */;
			projectDirPath = "";
			projectRoot = "";
			targets = (
				57E9E04F283CB52100B84069 /* StockApp */,
			);
		};
/* End PBXProject section */

/* Begin PBXResourcesBuildPhase section */
		57E9E04E283CB52100B84069 /* Resources */ = {
			isa = PBXResourcesBuildPhase;
			buildActionMask = 2147483647;
			files = (
				57CA4B50283D627300D89368 /* Montserrat-SemiBold.ttf in Resources */,
				57CA4B4E283D61C800D89368 /* Montserrat-Bold.ttf in Resources */,
				57CA4B48283D605200D89368 /* Montserrat-Regular.ttf in Resources */,
				57E9E060283CB52300B84069 /* LaunchScreen.storyboard in Resources */,
				57CA4B4C283D61BF00D89368 /* Montserrat-Medium.ttf in Resources */,
				57E9E05D283CB52300B84069 /* Assets.xcassets in Resources */,
			);
			runOnlyForDeploymentPostprocessing = 0;
		};
/* End PBXResourcesBuildPhase section */

/* Begin PBXSourcesBuildPhase section */
		57E9E04C283CB52100B84069 /* Sources */ = {
			isa = PBXSourcesBuildPhase;
			buildActionMask = 2147483647;
			files = (
				578BCF7228492AB800CFF094 /* StockDetailViewController.swift in Sources */,
				578BCF5928491FB800CFF094 /* FavoritesUpdateService.swift in Sources */,
				57CA4B66283FD0AA00D89368 /* NetworkService.swift in Sources */,
				578BCF362848C81400CFF094 /* StockResponse.swift in Sources */,
				57CA4B4A283D610100D89368 /* UIFont.swift in Sources */,
				578BCF3A2848D14000CFF094 /* Assembly.swift in Sources */,
				578BCF7C284A34D900CFF094 /* FavoritePresenter.swift in Sources */,
				57CA4B5F283FB6EE00D89368 /* NetworkError.swift in Sources */,
				57CA4B63283FD06000D89368 /* StocksService.swift in Sources */,
				57A28433284DB5E7008C7A3C /* ChartsView.swift in Sources */,
				57E9E068283CBC4B00B84069 /* StocksCell.swift in Sources */,
				578BCF5328491F6900CFF094 /* FavoriteService.swift in Sources */,
				578BCF3428476D9E00CFF094 /* StocksModel.swift in Sources */,
				578BCF5528491F8E00CFF094 /* FileManagerFavoritesService.swift in Sources */,
				57CA4B702840CC6900D89368 /* Double.swift in Sources */,
				578BCF7328492AB800CFF094 /* DetailTitleView.swift in Sources */,
				578BCF4C2849171F00CFF094 /* StocksRouter.swift in Sources */,
				57E9E058283CB52100B84069 /* StocksViewController.swift in Sources */,
				57CA4B61283FB71500D89368 /* HTTPMethod.swift in Sources */,
				57E9E054283CB52100B84069 /* AppDelegate.swift in Sources */,
				57CA4B5D283FB56A00D89368 /* Router.swift in Sources */,
				578BCF7428492AB800CFF094 /* ChartsResponce.swift in Sources */,
				578BCF5728491FA100CFF094 /* UserDefaultsFavoritesService.swift in Sources */,
				57CA4B5B283F968E00D89368 /* UIColor.swift in Sources */,
				578BCF7A284A34C700CFF094 /* FavoriteViewController.swift in Sources */,
				578BCF3228476D4B00CFF094 /* StocksPresenter.swift in Sources */,
				578BCF7528492AB800CFF094 /* ChartsService.swift in Sources */,
				578BCF382848C84800CFF094 /* NSObject+Ext.swift in Sources */,
				578BCF7128492AB800CFF094 /* StockDetailPresenter.swift in Sources */,
			);
			runOnlyForDeploymentPostprocessing = 0;
		};
/* End PBXSourcesBuildPhase section */

/* Begin PBXVariantGroup section */
		57E9E05E283CB52300B84069 /* LaunchScreen.storyboard */ = {
			isa = PBXVariantGroup;
			children = (
				57E9E05F283CB52300B84069 /* Base */,
			);
			name = LaunchScreen.storyboard;
			sourceTree = "<group>";
		};
/* End PBXVariantGroup section */

/* Begin XCBuildConfiguration section */
		57E9E062283CB52300B84069 /* Debug */ = {
			isa = XCBuildConfiguration;
			buildSettings = {
				ALWAYS_SEARCH_USER_PATHS = NO;
				CLANG_ANALYZER_NONNULL = YES;
				CLANG_ANALYZER_NUMBER_OBJECT_CONVERSION = YES_AGGRESSIVE;
				CLANG_CXX_LANGUAGE_STANDARD = "gnu++17";
				CLANG_ENABLE_MODULES = YES;
				CLANG_ENABLE_OBJC_ARC = YES;
				CLANG_ENABLE_OBJC_WEAK = YES;
				CLANG_WARN_BLOCK_CAPTURE_AUTORELEASING = YES;
				CLANG_WARN_BOOL_CONVERSION = YES;
				CLANG_WARN_COMMA = YES;
				CLANG_WARN_CONSTANT_CONVERSION = YES;
				CLANG_WARN_DEPRECATED_OBJC_IMPLEMENTATIONS = YES;
				CLANG_WARN_DIRECT_OBJC_ISA_USAGE = YES_ERROR;
				CLANG_WARN_DOCUMENTATION_COMMENTS = YES;
				CLANG_WARN_EMPTY_BODY = YES;
				CLANG_WARN_ENUM_CONVERSION = YES;
				CLANG_WARN_INFINITE_RECURSION = YES;
				CLANG_WARN_INT_CONVERSION = YES;
				CLANG_WARN_NON_LITERAL_NULL_CONVERSION = YES;
				CLANG_WARN_OBJC_IMPLICIT_RETAIN_SELF = YES;
				CLANG_WARN_OBJC_LITERAL_CONVERSION = YES;
				CLANG_WARN_OBJC_ROOT_CLASS = YES_ERROR;
				CLANG_WARN_QUOTED_INCLUDE_IN_FRAMEWORK_HEADER = YES;
				CLANG_WARN_RANGE_LOOP_ANALYSIS = YES;
				CLANG_WARN_STRICT_PROTOTYPES = YES;
				CLANG_WARN_SUSPICIOUS_MOVE = YES;
				CLANG_WARN_UNGUARDED_AVAILABILITY = YES_AGGRESSIVE;
				CLANG_WARN_UNREACHABLE_CODE = YES;
				CLANG_WARN__DUPLICATE_METHOD_MATCH = YES;
				COPY_PHASE_STRIP = NO;
				DEBUG_INFORMATION_FORMAT = dwarf;
				ENABLE_STRICT_OBJC_MSGSEND = YES;
				ENABLE_TESTABILITY = YES;
				GCC_C_LANGUAGE_STANDARD = gnu11;
				GCC_DYNAMIC_NO_PIC = NO;
				GCC_NO_COMMON_BLOCKS = YES;
				GCC_OPTIMIZATION_LEVEL = 0;
				GCC_PREPROCESSOR_DEFINITIONS = (
					"DEBUG=1",
					"$(inherited)",
				);
				GCC_WARN_64_TO_32_BIT_CONVERSION = YES;
				GCC_WARN_ABOUT_RETURN_TYPE = YES_ERROR;
				GCC_WARN_UNDECLARED_SELECTOR = YES;
				GCC_WARN_UNINITIALIZED_AUTOS = YES_AGGRESSIVE;
				GCC_WARN_UNUSED_FUNCTION = YES;
				GCC_WARN_UNUSED_VARIABLE = YES;
				IPHONEOS_DEPLOYMENT_TARGET = 15.4;
				MTL_ENABLE_DEBUG_INFO = INCLUDE_SOURCE;
				MTL_FAST_MATH = YES;
				ONLY_ACTIVE_ARCH = YES;
				SDKROOT = iphoneos;
				SWIFT_ACTIVE_COMPILATION_CONDITIONS = DEBUG;
				SWIFT_OPTIMIZATION_LEVEL = "-Onone";
			};
			name = Debug;
		};
		57E9E063283CB52300B84069 /* Release */ = {
			isa = XCBuildConfiguration;
			buildSettings = {
				ALWAYS_SEARCH_USER_PATHS = NO;
				CLANG_ANALYZER_NONNULL = YES;
				CLANG_ANALYZER_NUMBER_OBJECT_CONVERSION = YES_AGGRESSIVE;
				CLANG_CXX_LANGUAGE_STANDARD = "gnu++17";
				CLANG_ENABLE_MODULES = YES;
				CLANG_ENABLE_OBJC_ARC = YES;
				CLANG_ENABLE_OBJC_WEAK = YES;
				CLANG_WARN_BLOCK_CAPTURE_AUTORELEASING = YES;
				CLANG_WARN_BOOL_CONVERSION = YES;
				CLANG_WARN_COMMA = YES;
				CLANG_WARN_CONSTANT_CONVERSION = YES;
				CLANG_WARN_DEPRECATED_OBJC_IMPLEMENTATIONS = YES;
				CLANG_WARN_DIRECT_OBJC_ISA_USAGE = YES_ERROR;
				CLANG_WARN_DOCUMENTATION_COMMENTS = YES;
				CLANG_WARN_EMPTY_BODY = YES;
				CLANG_WARN_ENUM_CONVERSION = YES;
				CLANG_WARN_INFINITE_RECURSION = YES;
				CLANG_WARN_INT_CONVERSION = YES;
				CLANG_WARN_NON_LITERAL_NULL_CONVERSION = YES;
				CLANG_WARN_OBJC_IMPLICIT_RETAIN_SELF = YES;
				CLANG_WARN_OBJC_LITERAL_CONVERSION = YES;
				CLANG_WARN_OBJC_ROOT_CLASS = YES_ERROR;
				CLANG_WARN_QUOTED_INCLUDE_IN_FRAMEWORK_HEADER = YES;
				CLANG_WARN_RANGE_LOOP_ANALYSIS = YES;
				CLANG_WARN_STRICT_PROTOTYPES = YES;
				CLANG_WARN_SUSPICIOUS_MOVE = YES;
				CLANG_WARN_UNGUARDED_AVAILABILITY = YES_AGGRESSIVE;
				CLANG_WARN_UNREACHABLE_CODE = YES;
				CLANG_WARN__DUPLICATE_METHOD_MATCH = YES;
				COPY_PHASE_STRIP = NO;
				DEBUG_INFORMATION_FORMAT = "dwarf-with-dsym";
				ENABLE_NS_ASSERTIONS = NO;
				ENABLE_STRICT_OBJC_MSGSEND = YES;
				GCC_C_LANGUAGE_STANDARD = gnu11;
				GCC_NO_COMMON_BLOCKS = YES;
				GCC_WARN_64_TO_32_BIT_CONVERSION = YES;
				GCC_WARN_ABOUT_RETURN_TYPE = YES_ERROR;
				GCC_WARN_UNDECLARED_SELECTOR = YES;
				GCC_WARN_UNINITIALIZED_AUTOS = YES_AGGRESSIVE;
				GCC_WARN_UNUSED_FUNCTION = YES;
				GCC_WARN_UNUSED_VARIABLE = YES;
				IPHONEOS_DEPLOYMENT_TARGET = 15.4;
				MTL_ENABLE_DEBUG_INFO = NO;
				MTL_FAST_MATH = YES;
				SDKROOT = iphoneos;
				SWIFT_COMPILATION_MODE = wholemodule;
				SWIFT_OPTIMIZATION_LEVEL = "-O";
				VALIDATE_PRODUCT = YES;
			};
			name = Release;
		};
		57E9E065283CB52300B84069 /* Debug */ = {
			isa = XCBuildConfiguration;
			buildSettings = {
				ASSETCATALOG_COMPILER_APPICON_NAME = AppIcon;
				ASSETCATALOG_COMPILER_GLOBAL_ACCENT_COLOR_NAME = AccentColor;
				CODE_SIGN_STYLE = Automatic;
				CURRENT_PROJECT_VERSION = 1;
				GENERATE_INFOPLIST_FILE = YES;
				INFOPLIST_FILE = StockApp/Application/Info.plist;
				INFOPLIST_KEY_UIApplicationSupportsIndirectInputEvents = YES;
				INFOPLIST_KEY_UILaunchStoryboardName = LaunchScreen;
				INFOPLIST_KEY_UISupportedInterfaceOrientations_iPad = "UIInterfaceOrientationPortrait UIInterfaceOrientationPortraitUpsideDown UIInterfaceOrientationLandscapeLeft UIInterfaceOrientationLandscapeRight";
				INFOPLIST_KEY_UISupportedInterfaceOrientations_iPhone = "UIInterfaceOrientationPortrait UIInterfaceOrientationLandscapeLeft UIInterfaceOrientationLandscapeRight";
				LD_RUNPATH_SEARCH_PATHS = (
					"$(inherited)",
					"@executable_path/Frameworks",
				);
				MARKETING_VERSION = 1.0;
				PRODUCT_BUNDLE_IDENTIFIER = rauan.StockApp;
				PRODUCT_NAME = "$(TARGET_NAME)";
				SWIFT_EMIT_LOC_STRINGS = YES;
				SWIFT_VERSION = 5.0;
				TARGETED_DEVICE_FAMILY = "1,2";
			};
			name = Debug;
		};
		57E9E066283CB52300B84069 /* Release */ = {
			isa = XCBuildConfiguration;
			buildSettings = {
				ASSETCATALOG_COMPILER_APPICON_NAME = AppIcon;
				ASSETCATALOG_COMPILER_GLOBAL_ACCENT_COLOR_NAME = AccentColor;
				CODE_SIGN_STYLE = Automatic;
				CURRENT_PROJECT_VERSION = 1;
				GENERATE_INFOPLIST_FILE = YES;
				INFOPLIST_FILE = StockApp/Application/Info.plist;
				INFOPLIST_KEY_UIApplicationSupportsIndirectInputEvents = YES;
				INFOPLIST_KEY_UILaunchStoryboardName = LaunchScreen;
				INFOPLIST_KEY_UISupportedInterfaceOrientations_iPad = "UIInterfaceOrientationPortrait UIInterfaceOrientationPortraitUpsideDown UIInterfaceOrientationLandscapeLeft UIInterfaceOrientationLandscapeRight";
				INFOPLIST_KEY_UISupportedInterfaceOrientations_iPhone = "UIInterfaceOrientationPortrait UIInterfaceOrientationLandscapeLeft UIInterfaceOrientationLandscapeRight";
				LD_RUNPATH_SEARCH_PATHS = (
					"$(inherited)",
					"@executable_path/Frameworks",
				);
				MARKETING_VERSION = 1.0;
				PRODUCT_BUNDLE_IDENTIFIER = rauan.StockApp;
				PRODUCT_NAME = "$(TARGET_NAME)";
				SWIFT_EMIT_LOC_STRINGS = YES;
				SWIFT_VERSION = 5.0;
				TARGETED_DEVICE_FAMILY = "1,2";
			};
			name = Release;
		};
/* End XCBuildConfiguration section */

/* Begin XCConfigurationList section */
		57E9E04B283CB52100B84069 /* Build configuration list for PBXProject "StockApp" */ = {
			isa = XCConfigurationList;
			buildConfigurations = (
				57E9E062283CB52300B84069 /* Debug */,
				57E9E063283CB52300B84069 /* Release */,
			);
			defaultConfigurationIsVisible = 0;
			defaultConfigurationName = Release;
		};
		57E9E064283CB52300B84069 /* Build configuration list for PBXNativeTarget "StockApp" */ = {
			isa = XCConfigurationList;
			buildConfigurations = (
				57E9E065283CB52300B84069 /* Debug */,
				57E9E066283CB52300B84069 /* Release */,
			);
			defaultConfigurationIsVisible = 0;
			defaultConfigurationName = Release;
		};
/* End XCConfigurationList section */

/* Begin XCRemoteSwiftPackageReference section */
		57A2842F284DB358008C7A3C /* XCRemoteSwiftPackageReference "Charts" */ = {
			isa = XCRemoteSwiftPackageReference;
			repositoryURL = "https://github.com/danielgindi/Charts.git";
			requirement = {
				kind = upToNextMajorVersion;
				minimumVersion = 3.0.0;
			};
		};
/* End XCRemoteSwiftPackageReference section */

/* Begin XCSwiftPackageProductDependency section */
		57A28430284DB358008C7A3C /* Charts */ = {
			isa = XCSwiftPackageProductDependency;
			package = 57A2842F284DB358008C7A3C /* XCRemoteSwiftPackageReference "Charts" */;
			productName = Charts;
		};
/* End XCSwiftPackageProductDependency section */
	};
	rootObject = 57E9E048283CB52100B84069 /* Project object */;
}
