// !$*UTF8*$!
{
	archiveVersion = 1;
	classes = {
	};
	objectVersion = 55;
	objects = {

/* Begin PBXBuildFile section */
		57CA4B48283D605200D89368 /* Montserrat-Regular.ttf in Resources */ = {isa = PBXBuildFile; fileRef = 57CA4B47283D605200D89368 /* Montserrat-Regular.ttf */; };
		57CA4B4A283D610100D89368 /* UIFont.swift in Sources */ = {isa = PBXBuildFile; fileRef = 57CA4B49283D610100D89368 /* UIFont.swift */; };
		57CA4B4C283D61BF00D89368 /* Montserrat-Medium.ttf in Resources */ = {isa = PBXBuildFile; fileRef = 57CA4B4B283D61BF00D89368 /* Montserrat-Medium.ttf */; };
		57CA4B4E283D61C800D89368 /* Montserrat-Bold.ttf in Resources */ = {isa = PBXBuildFile; fileRef = 57CA4B4D283D61C800D89368 /* Montserrat-Bold.ttf */; };
		57CA4B50283D627300D89368 /* Montserrat-SemiBold.ttf in Resources */ = {isa = PBXBuildFile; fileRef = 57CA4B4F283D627300D89368 /* Montserrat-SemiBold.ttf */; };
		57E9E054283CB52100B84069 /* AppDelegate.swift in Sources */ = {isa = PBXBuildFile; fileRef = 57E9E053283CB52100B84069 /* AppDelegate.swift */; };
		57E9E058283CB52100B84069 /* StocksViewController.swift in Sources */ = {isa = PBXBuildFile; fileRef = 57E9E057283CB52100B84069 /* StocksViewController.swift */; };
		57E9E05D283CB52300B84069 /* Assets.xcassets in Resources */ = {isa = PBXBuildFile; fileRef = 57E9E05C283CB52300B84069 /* Assets.xcassets */; };
		57E9E060283CB52300B84069 /* LaunchScreen.storyboard in Resources */ = {isa = PBXBuildFile; fileRef = 57E9E05E283CB52300B84069 /* LaunchScreen.storyboard */; };
		57E9E068283CBC4B00B84069 /* StocksCell.swift in Sources */ = {isa = PBXBuildFile; fileRef = 57E9E067283CBC4B00B84069 /* StocksCell.swift */; };
/* End PBXBuildFile section */

/* Begin PBXFileReference section */
		57CA4B47283D605200D89368 /* Montserrat-Regular.ttf */ = {isa = PBXFileReference; lastKnownFileType = file; name = "Montserrat-Regular.ttf"; path = "../../../../Downloads/Montserrat/static/Montserrat-Regular.ttf"; sourceTree = "<group>"; };
		57CA4B49283D610100D89368 /* UIFont.swift */ = {isa = PBXFileReference; lastKnownFileType = sourcecode.swift; path = UIFont.swift; sourceTree = "<group>"; };
		57CA4B4B283D61BF00D89368 /* Montserrat-Medium.ttf */ = {isa = PBXFileReference; lastKnownFileType = file; name = "Montserrat-Medium.ttf"; path = "../../../../Downloads/Montserrat/static/Montserrat-Medium.ttf"; sourceTree = "<group>"; };
		57CA4B4D283D61C800D89368 /* Montserrat-Bold.ttf */ = {isa = PBXFileReference; lastKnownFileType = file; name = "Montserrat-Bold.ttf"; path = "../../../../Downloads/Montserrat/static/Montserrat-Bold.ttf"; sourceTree = "<group>"; };
		57CA4B4F283D627300D89368 /* Montserrat-SemiBold.ttf */ = {isa = PBXFileReference; lastKnownFileType = file; name = "Montserrat-SemiBold.ttf"; path = "../../../../Downloads/Montserrat/static/Montserrat-SemiBold.ttf"; sourceTree = "<group>"; };
		57E9E050283CB52100B84069 /* StockApp.app */ = {isa = PBXFileReference; explicitFileType = wrapper.application; includeInIndex = 0; path = StockApp.app; sourceTree = BUILT_PRODUCTS_DIR; };
		57E9E053283CB52100B84069 /* AppDelegate.swift */ = {isa = PBXFileReference; lastKnownFileType = sourcecode.swift; path = AppDelegate.swift; sourceTree = "<group>"; };
		57E9E057283CB52100B84069 /* StocksViewController.swift */ = {isa = PBXFileReference; lastKnownFileType = sourcecode.swift; path = StocksViewController.swift; sourceTree = "<group>"; };
		57E9E05C283CB52300B84069 /* Assets.xcassets */ = {isa = PBXFileReference; lastKnownFileType = folder.assetcatalog; path = Assets.xcassets; sourceTree = "<group>"; };
		57E9E05F283CB52300B84069 /* Base */ = {isa = PBXFileReference; lastKnownFileType = file.storyboard; name = Base; path = Base.lproj/LaunchScreen.storyboard; sourceTree = "<group>"; };
		57E9E061283CB52300B84069 /* Info.plist */ = {isa = PBXFileReference; lastKnownFileType = text.plist.xml; path = Info.plist; sourceTree = "<group>"; };
		57E9E067283CBC4B00B84069 /* StocksCell.swift */ = {isa = PBXFileReference; lastKnownFileType = sourcecode.swift; path = StocksCell.swift; sourceTree = "<group>"; };
/* End PBXFileReference section */

/* Begin PBXFrameworksBuildPhase section */
		57E9E04D283CB52100B84069 /* Frameworks */ = {
			isa = PBXFrameworksBuildPhase;
			buildActionMask = 2147483647;
			files = (
			);
			runOnlyForDeploymentPostprocessing = 0;
		};
/* End PBXFrameworksBuildPhase section */

/* Begin PBXGroup section */
		57CA4B46283D5FF700D89368 /* font */ = {
			isa = PBXGroup;
			children = (
				57CA4B4F283D627300D89368 /* Montserrat-SemiBold.ttf */,
				57CA4B4D283D61C800D89368 /* Montserrat-Bold.ttf */,
				57CA4B4B283D61BF00D89368 /* Montserrat-Medium.ttf */,
				57CA4B47283D605200D89368 /* Montserrat-Regular.ttf */,
			);
			path = font;
			sourceTree = "<group>";
		};
		57E9E047283CB52100B84069 = {
			isa = PBXGroup;
			children = (
				57E9E052283CB52100B84069 /* StockApp */,
				57E9E051283CB52100B84069 /* Products */,
			);
			sourceTree = "<group>";
		};
		57E9E051283CB52100B84069 /* Products */ = {
			isa = PBXGroup;
			children = (
				57E9E050283CB52100B84069 /* StockApp.app */,
			);
			name = Products;
			sourceTree = "<group>";
		};
		57E9E052283CB52100B84069 /* StockApp */ = {
			isa = PBXGroup;
			children = (
				57CA4B46283D5FF700D89368 /* font */,
				57E9E053283CB52100B84069 /* AppDelegate.swift */,
				57E9E057283CB52100B84069 /* StocksViewController.swift */,
				57E9E05C283CB52300B84069 /* Assets.xcassets */,
				57E9E05E283CB52300B84069 /* LaunchScreen.storyboard */,
				57E9E061283CB52300B84069 /* Info.plist */,
				57E9E067283CBC4B00B84069 /* StocksCell.swift */,
				57CA4B49283D610100D89368 /* UIFont.swift */,
			);
			path = StockApp;
			sourceTree = "<group>";
		};
/* End PBXGroup section */

/* Begin PBXNativeTarget section */
		57E9E04F283CB52100B84069 /* StockApp */ = {
			isa = PBXNativeTarget;
			buildConfigurationList = 57E9E064283CB52300B84069 /* Build configuration list for PBXNativeTarget "StockApp" */;
			buildPhases = (
				57E9E04C283CB52100B84069 /* Sources */,
				57E9E04D283CB52100B84069 /* Frameworks */,
				57E9E04E283CB52100B84069 /* Resources */,
			);
			buildRules = (
			);
			dependencies = (
			);
			name = StockApp;
			productName = StockApp;
			productReference = 57E9E050283CB52100B84069 /* StockApp.app */;
			productType = "com.apple.product-type.application";
		};
/* End PBXNativeTarget section */

/* Begin PBXProject section */
		57E9E048283CB52100B84069 /* Project object */ = {
			isa = PBXProject;
			attributes = {
				BuildIndependentTargetsInParallel = 1;
				LastSwiftUpdateCheck = 1330;
				LastUpgradeCheck = 1330;
				TargetAttributes = {
					57E9E04F283CB52100B84069 = {
						CreatedOnToolsVersion = 13.3.1;
					};
				};
			};
			buildConfigurationList = 57E9E04B283CB52100B84069 /* Build configuration list for PBXProject "StockApp" */;
			compatibilityVersion = "Xcode 13.0";
			developmentRegion = en;
			hasScannedForEncodings = 0;
			knownRegions = (
				en,
				Base,
			);
			mainGroup = 57E9E047283CB52100B84069;
			productRefGroup = 57E9E051283CB52100B84069 /* Products */;
			projectDirPath = "";
			projectRoot = "";
			targets = (
				57E9E04F283CB52100B84069 /* StockApp */,
			);
		};
/* End PBXProject section */

/* Begin PBXResourcesBuildPhase section */
		57E9E04E283CB52100B84069 /* Resources */ = {
			isa = PBXResourcesBuildPhase;
			buildActionMask = 2147483647;
			files = (
				57CA4B50283D627300D89368 /* Montserrat-SemiBold.ttf in Resources */,
				57CA4B4E283D61C800D89368 /* Montserrat-Bold.ttf in Resources */,
				57CA4B48283D605200D89368 /* Montserrat-Regular.ttf in Resources */,
				57E9E060283CB52300B84069 /* LaunchScreen.storyboard in Resources */,
				57CA4B4C283D61BF00D89368 /* Montserrat-Medium.ttf in Resources */,
				57E9E05D283CB52300B84069 /* Assets.xcassets in Resources */,
			);
			runOnlyForDeploymentPostprocessing = 0;
		};
/* End PBXResourcesBuildPhase section */

/* Begin PBXSourcesBuildPhase section */
		57E9E04C283CB52100B84069 /* Sources */ = {
			isa = PBXSourcesBuildPhase;
			buildActionMask = 2147483647;
			files = (
				57CA4B4A283D610100D89368 /* UIFont.swift in Sources */,
				57E9E068283CBC4B00B84069 /* StocksCell.swift in Sources */,
				57E9E058283CB52100B84069 /* StocksViewController.swift in Sources */,
				57E9E054283CB52100B84069 /* AppDelegate.swift in Sources */,
			);
			runOnlyForDeploymentPostprocessing = 0;
		};
/* End PBXSourcesBuildPhase section */

/* Begin PBXVariantGroup section */
		57E9E05E283CB52300B84069 /* LaunchScreen.storyboard */ = {
			isa = PBXVariantGroup;
			children = (
				57E9E05F283CB52300B84069 /* Base */,
			);
			name = LaunchScreen.storyboard;
			sourceTree = "<group>";
		};
/* End PBXVariantGroup section */

/* Begin XCBuildConfiguration section */
		57E9E062283CB52300B84069 /* Debug */ = {
			isa = XCBuildConfiguration;
			buildSettings = {
				ALWAYS_SEARCH_USER_PATHS = NO;
				CLANG_ANALYZER_NONNULL = YES;
				CLANG_ANALYZER_NUMBER_OBJECT_CONVERSION = YES_AGGRESSIVE;
				CLANG_CXX_LANGUAGE_STANDARD = "gnu++17";
				CLANG_ENABLE_MODULES = YES;
				CLANG_ENABLE_OBJC_ARC = YES;
				CLANG_ENABLE_OBJC_WEAK = YES;
				CLANG_WARN_BLOCK_CAPTURE_AUTORELEASING = YES;
				CLANG_WARN_BOOL_CONVERSION = YES;
				CLANG_WARN_COMMA = YES;
				CLANG_WARN_CONSTANT_CONVERSION = YES;
				CLANG_WARN_DEPRECATED_OBJC_IMPLEMENTATIONS = YES;
				CLANG_WARN_DIRECT_OBJC_ISA_USAGE = YES_ERROR;
				CLANG_WARN_DOCUMENTATION_COMMENTS = YES;
				CLANG_WARN_EMPTY_BODY = YES;
				CLANG_WARN_ENUM_CONVERSION = YES;
				CLANG_WARN_INFINITE_RECURSION = YES;
				CLANG_WARN_INT_CONVERSION = YES;
				CLANG_WARN_NON_LITERAL_NULL_CONVERSION = YES;
				CLANG_WARN_OBJC_IMPLICIT_RETAIN_SELF = YES;
				CLANG_WARN_OBJC_LITERAL_CONVERSION = YES;
				CLANG_WARN_OBJC_ROOT_CLASS = YES_ERROR;
				CLANG_WARN_QUOTED_INCLUDE_IN_FRAMEWORK_HEADER = YES;
				CLANG_WARN_RANGE_LOOP_ANALYSIS = YES;
				CLANG_WARN_STRICT_PROTOTYPES = YES;
				CLANG_WARN_SUSPICIOUS_MOVE = YES;
				CLANG_WARN_UNGUARDED_AVAILABILITY = YES_AGGRESSIVE;
				CLANG_WARN_UNREACHABLE_CODE = YES;
				CLANG_WARN__DUPLICATE_METHOD_MATCH = YES;
				COPY_PHASE_STRIP = NO;
				DEBUG_INFORMATION_FORMAT = dwarf;
				ENABLE_STRICT_OBJC_MSGSEND = YES;
				ENABLE_TESTABILITY = YES;
				GCC_C_LANGUAGE_STANDARD = gnu11;
				GCC_DYNAMIC_NO_PIC = NO;
				GCC_NO_COMMON_BLOCKS = YES;
				GCC_OPTIMIZATION_LEVEL = 0;
				GCC_PREPROCESSOR_DEFINITIONS = (
					"DEBUG=1",
					"$(inherited)",
				);
				GCC_WARN_64_TO_32_BIT_CONVERSION = YES;
				GCC_WARN_ABOUT_RETURN_TYPE = YES_ERROR;
				GCC_WARN_UNDECLARED_SELECTOR = YES;
				GCC_WARN_UNINITIALIZED_AUTOS = YES_AGGRESSIVE;
				GCC_WARN_UNUSED_FUNCTION = YES;
				GCC_WARN_UNUSED_VARIABLE = YES;
				IPHONEOS_DEPLOYMENT_TARGET = 15.4;
				MTL_ENABLE_DEBUG_INFO = INCLUDE_SOURCE;
				MTL_FAST_MATH = YES;
				ONLY_ACTIVE_ARCH = YES;
				SDKROOT = iphoneos;
				SWIFT_ACTIVE_COMPILATION_CONDITIONS = DEBUG;
				SWIFT_OPTIMIZATION_LEVEL = "-Onone";
			};
			name = Debug;
		};
		57E9E063283CB52300B84069 /* Release */ = {
			isa = XCBuildConfiguration;
			buildSettings = {
				ALWAYS_SEARCH_USER_PATHS = NO;
				CLANG_ANALYZER_NONNULL = YES;
				CLANG_ANALYZER_NUMBER_OBJECT_CONVERSION = YES_AGGRESSIVE;
				CLANG_CXX_LANGUAGE_STANDARD = "gnu++17";
				CLANG_ENABLE_MODULES = YES;
				CLANG_ENABLE_OBJC_ARC = YES;
				CLANG_ENABLE_OBJC_WEAK = YES;
				CLANG_WARN_BLOCK_CAPTURE_AUTORELEASING = YES;
				CLANG_WARN_BOOL_CONVERSION = YES;
				CLANG_WARN_COMMA = YES;
				CLANG_WARN_CONSTANT_CONVERSION = YES;
				CLANG_WARN_DEPRECATED_OBJC_IMPLEMENTATIONS = YES;
				CLANG_WARN_DIRECT_OBJC_ISA_USAGE = YES_ERROR;
				CLANG_WARN_DOCUMENTATION_COMMENTS = YES;
				CLANG_WARN_EMPTY_BODY = YES;
				CLANG_WARN_ENUM_CONVERSION = YES;
				CLANG_WARN_INFINITE_RECURSION = YES;
				CLANG_WARN_INT_CONVERSION = YES;
				CLANG_WARN_NON_LITERAL_NULL_CONVERSION = YES;
				CLANG_WARN_OBJC_IMPLICIT_RETAIN_SELF = YES;
				CLANG_WARN_OBJC_LITERAL_CONVERSION = YES;
				CLANG_WARN_OBJC_ROOT_CLASS = YES_ERROR;
				CLANG_WARN_QUOTED_INCLUDE_IN_FRAMEWORK_HEADER = YES;
				CLANG_WARN_RANGE_LOOP_ANALYSIS = YES;
				CLANG_WARN_STRICT_PROTOTYPES = YES;
				CLANG_WARN_SUSPICIOUS_MOVE = YES;
				CLANG_WARN_UNGUARDED_AVAILABILITY = YES_AGGRESSIVE;
				CLANG_WARN_UNREACHABLE_CODE = YES;
				CLANG_WARN__DUPLICATE_METHOD_MATCH = YES;
				COPY_PHASE_STRIP = NO;
				DEBUG_INFORMATION_FORMAT = "dwarf-with-dsym";
				ENABLE_NS_ASSERTIONS = NO;
				ENABLE_STRICT_OBJC_MSGSEND = YES;
				GCC_C_LANGUAGE_STANDARD = gnu11;
				GCC_NO_COMMON_BLOCKS = YES;
				GCC_WARN_64_TO_32_BIT_CONVERSION = YES;
				GCC_WARN_ABOUT_RETURN_TYPE = YES_ERROR;
				GCC_WARN_UNDECLARED_SELECTOR = YES;
				GCC_WARN_UNINITIALIZED_AUTOS = YES_AGGRESSIVE;
				GCC_WARN_UNUSED_FUNCTION = YES;
				GCC_WARN_UNUSED_VARIABLE = YES;
				IPHONEOS_DEPLOYMENT_TARGET = 15.4;
				MTL_ENABLE_DEBUG_INFO = NO;
				MTL_FAST_MATH = YES;
				SDKROOT = iphoneos;
				SWIFT_COMPILATION_MODE = wholemodule;
				SWIFT_OPTIMIZATION_LEVEL = "-O";
				VALIDATE_PRODUCT = YES;
			};
			name = Release;
		};
		57E9E065283CB52300B84069 /* Debug */ = {
			isa = XCBuildConfiguration;
			buildSettings = {
				ASSETCATALOG_COMPILER_APPICON_NAME = AppIcon;
				ASSETCATALOG_COMPILER_GLOBAL_ACCENT_COLOR_NAME = AccentColor;
				CODE_SIGN_STYLE = Automatic;
				CURRENT_PROJECT_VERSION = 1;
				GENERATE_INFOPLIST_FILE = YES;
				INFOPLIST_FILE = StockApp/Info.plist;
				INFOPLIST_KEY_UIApplicationSupportsIndirectInputEvents = YES;
				INFOPLIST_KEY_UILaunchStoryboardName = LaunchScreen;
				INFOPLIST_KEY_UISupportedInterfaceOrientations_iPad = "UIInterfaceOrientationPortrait UIInterfaceOrientationPortraitUpsideDown UIInterfaceOrientationLandscapeLeft UIInterfaceOrientationLandscapeRight";
				INFOPLIST_KEY_UISupportedInterfaceOrientations_iPhone = "UIInterfaceOrientationPortrait UIInterfaceOrientationLandscapeLeft UIInterfaceOrientationLandscapeRight";
				LD_RUNPATH_SEARCH_PATHS = (
					"$(inherited)",
					"@executable_path/Frameworks",
				);
				MARKETING_VERSION = 1.0;
				PRODUCT_BUNDLE_IDENTIFIER = rauan.StockApp;
				PRODUCT_NAME = "$(TARGET_NAME)";
				SWIFT_EMIT_LOC_STRINGS = YES;
				SWIFT_VERSION = 5.0;
				TARGETED_DEVICE_FAMILY = "1,2";
			};
			name = Debug;
		};
		57E9E066283CB52300B84069 /* Release */ = {
			isa = XCBuildConfiguration;
			buildSettings = {
				ASSETCATALOG_COMPILER_APPICON_NAME = AppIcon;
				ASSETCATALOG_COMPILER_GLOBAL_ACCENT_COLOR_NAME = AccentColor;
				CODE_SIGN_STYLE = Automatic;
				CURRENT_PROJECT_VERSION = 1;
				GENERATE_INFOPLIST_FILE = YES;
				INFOPLIST_FILE = StockApp/Info.plist;
				INFOPLIST_KEY_UIApplicationSupportsIndirectInputEvents = YES;
				INFOPLIST_KEY_UILaunchStoryboardName = LaunchScreen;
				INFOPLIST_KEY_UISupportedInterfaceOrientations_iPad = "UIInterfaceOrientationPortrait UIInterfaceOrientationPortraitUpsideDown UIInterfaceOrientationLandscapeLeft UIInterfaceOrientationLandscapeRight";
				INFOPLIST_KEY_UISupportedInterfaceOrientations_iPhone = "UIInterfaceOrientationPortrait UIInterfaceOrientationLandscapeLeft UIInterfaceOrientationLandscapeRight";
				LD_RUNPATH_SEARCH_PATHS = (
					"$(inherited)",
					"@executable_path/Frameworks",
				);
				MARKETING_VERSION = 1.0;
				PRODUCT_BUNDLE_IDENTIFIER = rauan.StockApp;
				PRODUCT_NAME = "$(TARGET_NAME)";
				SWIFT_EMIT_LOC_STRINGS = YES;
				SWIFT_VERSION = 5.0;
				TARGETED_DEVICE_FAMILY = "1,2";
			};
			name = Release;
		};
/* End XCBuildConfiguration section */

/* Begin XCConfigurationList section */
		57E9E04B283CB52100B84069 /* Build configuration list for PBXProject "StockApp" */ = {
			isa = XCConfigurationList;
			buildConfigurations = (
				57E9E062283CB52300B84069 /* Debug */,
				57E9E063283CB52300B84069 /* Release */,
			);
			defaultConfigurationIsVisible = 0;
			defaultConfigurationName = Release;
		};
		57E9E064283CB52300B84069 /* Build configuration list for PBXNativeTarget "StockApp" */ = {
			isa = XCConfigurationList;
			buildConfigurations = (
				57E9E065283CB52300B84069 /* Debug */,
				57E9E066283CB52300B84069 /* Release */,
			);
			defaultConfigurationIsVisible = 0;
			defaultConfigurationName = Release;
		};
/* End XCConfigurationList section */
	};
	rootObject = 57E9E048283CB52100B84069 /* Project object */;
}
